{
  "name": "epsplanet",
  "version": "0.0.1",
  "lockfileVersion": 1,
  "requires": true,
  "dependencies": {
    "@types/qs": {
      "version": "6.9.6",
      "resolved": "https://registry.npm.taobao.org/@types/qs/download/@types/qs-6.9.6.tgz?cache=0&sync_timestamp=1615109314609&other_urls=https%3A%2F%2Fregistry.npm.taobao.org%2F%40types%2Fqs%2Fdownload%2F%40types%2Fqs-6.9.6.tgz",
      "integrity": "sha1-35w8izGiR+wxXmmWVmvjFx30s7E=",
      "dev": true
    }
  }
}
